# This file is autogenerated, do not edit; changes may be undone by the next 'dep ensure'.


[[projects]]
  branch = "master"
  digest = "1:5680f8c40e48f07cb77aece3165a866aaf8276305258b3b70db8ec7ad6ddb78d"
  name = "github.com/armon/go-radix"
  packages = ["."]
  pruneopts = ""
  revision = "1a2de0c21c94309923825da3df33a4381872c795"

[[projects]]
  digest = "1:4193e2871b655bdfc423d23d309bf45a97ff75399c2fe923e79cb15eefb985d7"
  name = "github.com/bshuster-repo/logrus-logstash-hook"
  packages = ["."]
  pruneopts = ""
  revision = "dbc1e22735aa6ed7bd9579a407c17bc7c4a4e046"
  version = "v0.4.1"

[[projects]]
  branch = "master"
  digest = "1:7ad4018d69277983cf0e35e44b7a1900647b36ec545f650071b8e7413c83859b"
  name = "github.com/contiv/vpp"
  packages = [
    "plugins/contivconf/config",
    "plugins/crd/pkg/apis/nodeconfig",
    "plugins/crd/pkg/apis/nodeconfig/v1",
    "plugins/ipnet/restapi",
    "plugins/netctl/remote",
    "plugins/nodesync/vppnode",
  ]
  pruneopts = ""
  revision = "49796c8d0585728912be9208d866f24fed98ba58"

[[projects]]
  digest = "1:600d64f7857a14d7715ce2795868c76b85e634fc13aba93b23431039fed2d9ea"
  name = "github.com/coreos/etcd"
  packages = [
    "auth/authpb",
    "clientv3",
    "clientv3/namespace",
    "etcdserver/api/v3rpc/rpctypes",
    "etcdserver/etcdserverpb",
    "mvcc/mvccpb",
    "pkg/tlsutil",
    "pkg/types",
  ]
  pruneopts = ""
  revision = "27fc7e2296f506182f58ce846e48f36b34fe6842"
  version = "v3.3.10"

[[projects]]
  digest = "1:6098222470fe0172157ce9bbef5d2200df4edde17ee649c5d6e48330e4afa4c6"
  name = "github.com/dgrijalva/jwt-go"
  packages = ["."]
  pruneopts = ""
  revision = "06ea1031745cb8b3dab3f6a236daf2b0aa468b7e"
  version = "v3.2.0"

[[projects]]
  branch = "master"
  digest = "1:b45f6aa072ce3656b08b31953fe77eb5eb2cbe9723b08554a4f1cf36152c4880"
  name = "github.com/dgryski/go-farm"
  packages = ["."]
  pruneopts = ""
  revision = "3adb47b1fb0f6d9efcc5051a6c62e2e413ac85a9"

[[projects]]
  digest = "1:ea959741586120518b3d51d0921fd7c789883036444502f5411273dcb2e59e5f"
  name = "github.com/eapache/channels"
  packages = ["."]
  pruneopts = ""
  revision = "47238d5aae8c0fefd518ef2bee46290909cf8263"
  version = "v1.1.0"

[[projects]]
  digest = "1:d8d46d21073d0f65daf1740ebf4629c65e04bf92e14ce93c2201e8624843c3d3"
  name = "github.com/eapache/queue"
  packages = ["."]
  pruneopts = ""
  revision = "44cc805cf13205b55f69e14bcb69867d1ae92f98"
  version = "v1.1.0"

[[projects]]
  digest = "1:d6b2b11e438ac3192f87dd1117ac16ee7ea57a43075a8e8b7dea5525d22bd001"
  name = "github.com/evalphobia/logrus_fluent"
  packages = ["."]
  pruneopts = ""
  revision = "76779e73f35d90f5a873e7feaf6691999b2c5db4"
  version = "v0.4.0"

[[projects]]
  digest = "1:84b64cb974bbed3039f02472a1021fdc348bdd56080c3d467f4be9edeb33e43e"
  name = "github.com/fluent/fluent-logger-golang"
  packages = ["fluent"]
  pruneopts = ""
  revision = "7a6c9dcd7f14c2ed5d8c55c11b894e5455ee311b"
  version = "v1.4.0"

[[projects]]
  digest = "1:eb53021a8aa3f599d29c7102e65026242bdedce998a54837dc67f14b6a97c5fd"
  name = "github.com/fsnotify/fsnotify"
  packages = ["."]
  pruneopts = ""
  revision = "c2828203cd70a50dcccfb2761f8b1f8ceef9a8e9"
  version = "v1.4.7"

[[projects]]
  digest = "1:b13707423743d41665fd23f0c36b2f37bb49c30e94adb813319c44188a51ba22"
  name = "github.com/ghodss/yaml"
  packages = ["."]
  pruneopts = ""
  revision = "0ca9ea5df5451ffdf184b4428c902747c2c11cd7"
  version = "v1.0.0"

[[projects]]
  digest = "1:54d5c6a784a9de9c836fc070d51d0689c3e99ee6d24dba8a36f0762039dae830"
  name = "github.com/gogo/googleapis"
  packages = ["google/rpc"]
  pruneopts = ""
  revision = "8558fb44d2f1fc223118afc694129d2c2d2924d1"
  version = "v1.1.0"

[[projects]]
  digest = "1:fd53b471edb4c28c7d297f617f4da0d33402755f58d6301e7ca1197ef0a90937"
  name = "github.com/gogo/protobuf"
  packages = [
    "gogoproto",
    "jsonpb",
    "proto",
    "protoc-gen-gogo/descriptor",
    "sortkeys",
    "types",
  ]
  pruneopts = ""
  revision = "ba06b47c162d49f2af050fb4c75bcbc86a159d5c"
  version = "v1.2.1"

[[projects]]
  digest = "1:dcfeb799fde743240068c98fc38e20caf91d3c3a6a97e9025eba9534cfbe22dd"
  name = "github.com/gogo/status"
  packages = ["."]
  pruneopts = ""
  revision = "23951469965b0104342ad7b9625586150b6baf5b"
  version = "v1.0.2"

[[projects]]
  branch = "master"
  digest = "1:107b233e45174dbab5b1324201d092ea9448e58243ab9f039e4c0f332e121e3a"
  name = "github.com/golang/glog"
  packages = ["."]
  pruneopts = ""
  revision = "23def4e6c14b4da8ac2ed8007337bc5eb5007998"

[[projects]]
  branch = "master"
  digest = "1:529d738b7976c3848cae5cf3a8036440166835e389c1f617af701eeb12a0518d"
  name = "github.com/golang/protobuf"
  packages = [
    "proto",
    "ptypes",
    "ptypes/any",
    "ptypes/duration",
    "ptypes/empty",
    "ptypes/timestamp",
  ]
  pruneopts = ""
  revision = "b5d812f8a3706043e23a9cd5babf2e5423744d30"

[[projects]]
  branch = "master"
  digest = "1:754f77e9c839b24778a4b64422236d38515301d2baeb63113aa3edc42e6af692"
  name = "github.com/google/gofuzz"
  packages = ["."]
  pruneopts = ""
  revision = "24818f796faf91cd76ec7bddd72458fbced7a6c1"

[[projects]]
  digest = "1:a3c01bbe8766cbce019cdb900aa51460a6f7bd4266a18d80722dc92297302bc3"
  name = "github.com/gorilla/mux"
  packages = ["."]
  pruneopts = ""
  revision = "a7962380ca08b5a188038c69871b8d3fbdf31e89"
  version = "v1.7.0"

[[projects]]
  digest = "1:9a0b2dd1f882668a3d7fbcd424eed269c383a16f1faa3a03d14e0dd5fba571b1"
  name = "github.com/grpc-ecosystem/go-grpc-middleware"
  packages = [
    ".",
    "auth",
    "util/metautils",
  ]
  pruneopts = ""
  revision = "c250d6563d4d4c20252cd865923440e829844f4e"
  version = "v1.0.0"

[[projects]]
  digest = "1:d14365c51dd1d34d5c79833ec91413bfbb166be978724f15701e17080dc06dec"
  name = "github.com/hashicorp/hcl"
  packages = [
    ".",
    "hcl/ast",
    "hcl/parser",
    "hcl/printer",
    "hcl/scanner",
    "hcl/strconv",
    "hcl/token",
    "json/parser",
    "json/scanner",
    "json/token",
  ]
  pruneopts = ""
  revision = "8cb6e5b959231cc1119e43259c4a608f9c51a241"
  version = "v1.0.0"

[[projects]]
  digest = "1:0f51cee70b0d254dbc93c22666ea2abf211af81c1701a96d04e2284b408621db"
  name = "github.com/konsorten/go-windows-terminal-sequences"
  packages = ["."]
  pruneopts = ""
  revision = "f55edac94c9bbba5d6182a4be46d86a2c9b5b50e"
  version = "v1.0.2"

[[projects]]
  branch = "master"
  digest = "1:d2d7e8b4e911edbcdde2e37008161d858bc16fe328cf62f048c3e3f4ec30227c"
  name = "github.com/ligato/cn-infra"
  packages = [
    "agent",
    "config",
    "datasync",
    "datasync/kvdbsync",
    "datasync/kvdbsync/local",
    "datasync/resync",
    "datasync/syncbase",
    "db/keyval",
    "db/keyval/etcd",
    "db/keyval/kvproto",
    "health/statuscheck",
    "health/statuscheck/model/status",
    "idxmap",
    "idxmap/mem",
    "infra",
    "logging",
    "logging/logmanager",
    "logging/logrus",
    "logging/measure",
    "logging/measure/model/apitrace",
    "rpc/grpc",
    "rpc/rest",
    "rpc/rest/security",
    "rpc/rest/security/model/access-security",
    "servicelabel",
    "utils/once",
    "utils/safeclose",
  ]
  pruneopts = ""
  revision = "1009a1eda9ba369c0aea207b8ecea13cd109f350"

[[projects]]
  digest = "1:f97f583b1babf9dbd1bc9d4c179aab3ccca1db9ae2403dbb65cbbad407040e8a"
  name = "github.com/ligato/vpp-agent"
  packages = [
    "api/genericmanager",
    "pkg/metrics",
    "pkg/models",
    "plugins/kvscheduler",
    "plugins/kvscheduler/api",
    "plugins/kvscheduler/internal/graph",
    "plugins/kvscheduler/internal/registry",
    "plugins/kvscheduler/internal/utils",
    "plugins/orchestrator",
  ]
  pruneopts = ""
  revision = "8b9cbb72c6dd2a8d2096f1d003b2f67b70f36214"
  version = "v2.0.1"

[[projects]]
  digest = "1:961dc3b1d11f969370533390fdf203813162980c858e1dabe827b60940c909a5"
  name = "github.com/magiconair/properties"
  packages = ["."]
  pruneopts = ""
  revision = "c2353362d570a7bfa228149c62842019201cfb71"
  version = "v1.8.0"

[[projects]]
  digest = "1:bcc46a0fbd9e933087bef394871256b5c60269575bb661935874729c65bbbf60"
  name = "github.com/mitchellh/mapstructure"
  packages = ["."]
  pruneopts = ""
  revision = "3536a929edddb9a5b34bd6861dc4a9647cb459fe"
  version = "v1.1.2"

[[projects]]
  digest = "1:0828677c3ebed3fc9c4f11e17e7997a733e62a3f20b38d00d70e756b681b46ab"
  name = "github.com/namsral/flag"
  packages = ["."]
  pruneopts = ""
  revision = "71ceffbeb0ba60fccc853971bb3ed4d7d90bfd04"
  version = "v1.7.4-pre"

[[projects]]
  digest = "1:22896624142f7cc8a9b19e9ea089ad0a0808a1d5a936e045cfeb3210c3e8d9b4"
  name = "github.com/osrg/gobgp"
  packages = [
    "api",
    "internal/pkg/apiutil",
    "internal/pkg/config",
    "internal/pkg/table",
    "internal/pkg/zebra",
    "pkg/packet/bgp",
    "pkg/packet/bmp",
    "pkg/packet/mrt",
    "pkg/packet/rtr",
    "pkg/server",
  ]
  pruneopts = ""
  revision = "1d8ffa231acf1124a431955deb4d7d692a4b009b"
  version = "v2.1.0"

[[projects]]
  digest = "1:894aef961c056b6d85d12bac890bf60c44e99b46292888bfa66caf529f804457"
  name = "github.com/pelletier/go-toml"
  packages = ["."]
  pruneopts = ""
  revision = "c01d1270ff3e442a8a57cddc1c92dc1138598194"
  version = "v1.2.0"

[[projects]]
  digest = "1:210286d0cb60ffe28f1ca00b664029e8943009f95d06d8f8c336301b28e1aee5"
  name = "github.com/philhofer/fwd"
  packages = ["."]
  pruneopts = ""
  revision = "bb6d471dc95d4fe11e432687f8b70ff496cf3136"
  version = "v1.0.0"

[[projects]]
  digest = "1:1d7e1867c49a6dd9856598ef7c3123604ea3daabf5b83f303ff457bcbc410b1d"
  name = "github.com/pkg/errors"
  packages = ["."]
  pruneopts = ""
  revision = "ba968bfe8b2f7e042a574c888954fccecfa385b4"
  version = "v0.8.1"

[[projects]]
  branch = "master"
  digest = "1:47081c00d00c1dfc9a530c2556e78be391a5c24db1043efe6d406af882a169a1"
  name = "github.com/satori/go.uuid"
  packages = ["."]
  pruneopts = ""
  revision = "b2ce2384e17bbe0c6d34077efa39dbab3e09123b"

[[projects]]
  digest = "1:9a3c631555e0351fdc4e696577bb63afd90c399d782a8462dba9d100d7021db3"
  name = "github.com/sirupsen/logrus"
  packages = [
    ".",
    "hooks/syslog",
  ]
  pruneopts = ""
  revision = "e1e72e9de974bd926e5c56f83753fba2df402ce5"
  version = "v1.3.0"

[[projects]]
  digest = "1:d9f371ceb44045ca4405b65fed916e4b45396340b9e8674851c3d652f6351cde"
  name = "github.com/spf13/afero"
  packages = [
    ".",
    "mem",
  ]
  pruneopts = ""
  revision = "f4711e4db9e9a1d3887343acb72b2bbfc2f686f5"
  version = "v1.2.1"

[[projects]]
  digest = "1:ae3493c780092be9d576a1f746ab967293ec165e8473425631f06658b6212afc"
  name = "github.com/spf13/cast"
  packages = ["."]
  pruneopts = ""
  revision = "8c9545af88b134710ab1cd196795e7f2388358d7"
  version = "v1.3.0"

[[projects]]
  digest = "1:9ceffa4ab5f7195ecf18b3a7fff90c837a9ed5e22e66d18069e4bccfe1f52aa0"
  name = "github.com/spf13/jwalterweatherman"
  packages = ["."]
  pruneopts = ""
  revision = "4a4406e478ca629068e7768fc33f3f044173c0a6"
  version = "v1.0.0"

[[projects]]
  digest = "1:cbaf13cdbfef0e4734ed8a7504f57fe893d471d62a35b982bf6fb3f036449a66"
  name = "github.com/spf13/pflag"
  packages = ["."]
  pruneopts = ""
  revision = "298182f68c66c05229eb03ac171abe6e309ee79a"
  version = "v1.0.3"

[[projects]]
  branch = "master"
  digest = "1:de2dfed6ae8aa2da6cd4251a949baabcc61389fa3238b51f9024bdf25c136340"
  name = "github.com/spf13/viper"
  packages = ["."]
  pruneopts = ""
  revision = "d104d259b3380cb653bb793756823c3c41b37b53"

[[projects]]
  digest = "1:23ed2a28cfc147d46f7fbf4d85f83f6d659e15eac4ad1c16c4d32b19da5bd2fa"
  name = "github.com/tinylib/msgp"
  packages = ["msgp"]
  pruneopts = ""
  revision = "af6442a0fcf6e2a1b824f70dd0c734f01e817751"
  version = "v1.1.0"

[[projects]]
  branch = "master"
  digest = "1:9748c3e0aa6da45b32662bf91c5c93e8d9b41641cb84237e9a416554664684ed"
  name = "github.com/unrolled/render"
  packages = ["."]
  pruneopts = ""
  revision = "449f3985007486f7f42ca7f62b4c8b45d6d89cbf"

[[projects]]
  branch = "master"
  digest = "1:4ac9df7b52e562b1106b2f0c037647486270d1a4b977a47af8d8a4b3549fe6bd"
  name = "github.com/vishvananda/netlink"
  packages = [
    ".",
    "nl",
  ]
  pruneopts = ""
  revision = "b9cafe4a8544a27110dad06be07d48bbe5f292dd"

[[projects]]
  branch = "master"
  digest = "1:c09fddfdd491edaa4383396503e57023a26e5a824283a78c2310613a1252c649"
  name = "github.com/vishvananda/netns"
  packages = ["."]
  pruneopts = ""
  revision = "13995c7128ccc8e51e9a6bd2b551020a27180abd"

[[projects]]
  branch = "master"
  digest = "1:7a77b79efe106f3304dcf50dc86836151758f246169b527722552a5eb2ae14fc"
  name = "golang.org/x/crypto"
  packages = [
    "bcrypt",
    "blowfish",
    "ssh/terminal",
  ]
  pruneopts = ""
  revision = "8dd112bcdc25174059e45e07517d9fc663123347"

[[projects]]
  branch = "master"
  digest = "1:2b08539d056d6b2da4233648f5014d84cb70a9c278523374c75776a75a32d03e"
  name = "golang.org/x/net"
  packages = [
    "context",
    "html",
    "html/atom",
    "http/httpguts",
    "http2",
    "http2/hpack",
    "idna",
    "internal/timeseries",
    "trace",
  ]
  pruneopts = ""
  revision = "92fc7df08ae7536330f5a21328292abfa70520a8"

[[projects]]
  branch = "master"
  digest = "1:74ce8329385730bb2d01e4e91b66183beceeb1512084e4253653ac2439f1ef8c"
  name = "golang.org/x/sys"
  packages = [
    "unix",
    "windows",
  ]
  pruneopts = ""
  revision = "a34e9553db1e492c9a76e60db2296ae7e5fbb772"

[[projects]]
  digest = "1:5acd3512b047305d49e8763eef7ba423901e85d5dd2fd1e71778a0ea8de10bd4"
  name = "golang.org/x/text"
  packages = [
    "collate",
    "collate/build",
    "internal/colltab",
    "internal/gen",
    "internal/tag",
    "internal/triegen",
    "internal/ucd",
    "language",
    "secure/bidirule",
    "transform",
    "unicode/bidi",
    "unicode/cldr",
    "unicode/norm",
    "unicode/rangetable",
  ]
  pruneopts = ""
  revision = "f21a4dfb5e38f5895301dc265a8def02365cc3d0"
  version = "v0.3.0"

[[projects]]
  branch = "master"
  digest = "1:bedc60c52eb064eca6d7ce3321602522c5f50b6635aa7bc93c5624f1e65f9eda"
  name = "google.golang.org/genproto"
  packages = ["googleapis/rpc/status"]
  pruneopts = ""
  revision = "4f5b463f9597cbe0dd13a6a2cd4f85e788d27508"

[[projects]]
  digest = "1:b6c17b0c657f047118ae59b358950b28515914512cf3de02388cc42e33a92520"
  name = "google.golang.org/grpc"
  packages = [
    ".",
    "balancer",
    "balancer/base",
    "balancer/roundrobin",
    "binarylog/grpc_binarylog_v1",
    "codes",
    "connectivity",
    "credentials",
    "credentials/internal",
    "encoding",
    "encoding/proto",
    "grpclog",
    "health/grpc_health_v1",
    "internal",
    "internal/backoff",
    "internal/binarylog",
    "internal/channelz",
    "internal/envconfig",
    "internal/grpcrand",
    "internal/grpcsync",
    "internal/syscall",
    "internal/transport",
    "keepalive",
    "metadata",
    "naming",
    "peer",
    "resolver",
    "resolver/dns",
    "resolver/passthrough",
    "stats",
    "status",
    "tap",
  ]
  pruneopts = ""
  revision = "2fdaae294f38ed9a121193c51ec99fecd3b13eb7"
  version = "v1.19.0"

[[projects]]
  digest = "1:75fb3fcfc73a8c723efde7777b40e8e8ff9babf30d8c56160d01beffea8a95a6"
  name = "gopkg.in/inf.v0"
  packages = ["."]
  pruneopts = ""
  revision = "d2d2541c53f18d2a059457998ce2876cc8e67cbf"
  version = "v0.9.1"

[[projects]]
  digest = "1:cedccf16b71e86db87a24f8d4c70b0a855872eb967cb906a66b95de56aefbd0d"
  name = "gopkg.in/yaml.v2"
  packages = ["."]
  pruneopts = ""
  revision = "51d6538a90f86fe93ac480b35f37b2be17fef232"
  version = "v2.2.2"

[[projects]]
  digest = "1:b6b2fb7b4da1ac973b64534ace2299a02504f16bc7820cb48edb8ca4077183e1"
  name = "k8s.io/apimachinery"
  packages = [
    "pkg/api/resource",
    "pkg/apis/meta/v1",
    "pkg/conversion",
    "pkg/conversion/queryparams",
    "pkg/fields",
    "pkg/labels",
    "pkg/runtime",
    "pkg/runtime/schema",
    "pkg/selection",
    "pkg/types",
    "pkg/util/errors",
    "pkg/util/intstr",
    "pkg/util/json",
    "pkg/util/net",
    "pkg/util/runtime",
    "pkg/util/sets",
    "pkg/util/validation",
    "pkg/util/validation/field",
    "pkg/util/wait",
    "pkg/watch",
    "third_party/forked/golang/reflect",
  ]
  pruneopts = ""
  revision = "103fd098999dc9c0c88536f5c9ad2e5da39373ae"

[solve-meta]
  analyzer-name = "dep"
  analyzer-version = 1
  input-imports = [
    "github.com/contiv/vpp/plugins/ipnet/restapi",
    "github.com/contiv/vpp/plugins/netctl/remote",
    "github.com/contiv/vpp/plugins/nodesync/vppnode",
    "github.com/gogo/protobuf/gogoproto",
    "github.com/gogo/protobuf/proto",
    "github.com/golang/protobuf/ptypes",
    "github.com/golang/protobuf/ptypes/any",
    "github.com/ligato/cn-infra/agent",
    "github.com/ligato/cn-infra/datasync",
    "github.com/ligato/cn-infra/datasync/kvdbsync",
    "github.com/ligato/cn-infra/datasync/kvdbsync/local",
    "github.com/ligato/cn-infra/datasync/resync",
    "github.com/ligato/cn-infra/db/keyval",
    "github.com/ligato/cn-infra/db/keyval/etcd",
    "github.com/ligato/cn-infra/health/statuscheck",
    "github.com/ligato/cn-infra/infra",
    "github.com/ligato/cn-infra/logging",
    "github.com/ligato/cn-infra/logging/logmanager",
    "github.com/ligato/cn-infra/rpc/rest",
    "github.com/ligato/vpp-agent/pkg/models",
    "github.com/ligato/vpp-agent/plugins/kvscheduler",
    "github.com/ligato/vpp-agent/plugins/kvscheduler/api",
    "github.com/ligato/vpp-agent/plugins/orchestrator",
    "github.com/osrg/gobgp/api",
    "github.com/osrg/gobgp/pkg/server",
    "github.com/sirupsen/logrus",
  ]
  solver-name = "gps-cdcl"
  solver-version = 1
